{
  "name": "git-auto-commit",
  "version": "1.0.0",
  "lockfileVersion": 1,
  "requires": true,
  "dependencies": {
    "@kwsites/file-exists": {
      "version": "1.1.1",
      "resolved": "https://registry.npmjs.org/@kwsites/file-exists/-/file-exists-1.1.1.tgz",
      "integrity": "sha512-m9/5YGR18lIwxSFDwfE3oA7bWuq9kdau6ugN4H2rJeyhFQZcG9AgSHkQtSD15a8WvTgfz9aikZMrKPHvbpqFiw==",
      "requires": {
        "debug": "^4.1.1"
      }
    },
    "@kwsites/promise-deferred": {
      "version": "1.1.1",
      "resolved": "https://registry.npmjs.org/@kwsites/promise-deferred/-/promise-deferred-1.1.1.tgz",
      "integrity": "sha512-GaHYm+c0O9MjZRu0ongGBRbinu8gVAMd2UZjji6jVmqKtZluZnptXGWhz1E8j8D2HJ3f/yMxKAUC0b+57wncIw=="
    },
    "cron-parser": {
      "version": "2.11.0",
      "resolved": "https://registry.npm.taobao.org/cron-parser/download/cron-parser-2.11.0.tgz",
      "integrity": "sha1-w79HfgHealaTjWYluS79bOwwqKU=",
      "requires": {
        "is-nan": "^1.2.1",
        "moment-timezone": "^0.5.23"
      }
    },
    "date-fns": {
      "version": "1.30.1",
      "resolved": "http://registry.npm.taobao.org/date-fns/download/date-fns-1.30.1.tgz",
      "integrity": "sha1-LnG/CxGRU9u0zE6I2epaz7UNwFw="
    },
    "debug": {
      "version": "4.3.4",
      "resolved": "https://registry.npmjs.org/debug/-/debug-4.3.4.tgz",
      "integrity": "sha512-PRWFHuSU3eDtQJPvnNY7Jcket1j0t5OuOsFzPPzsekD52Zl8qUfFIPEiswXqIvHWGVHOgX+7G/vCNNhehwxfkQ==",
      "requires": {
        "ms": "2.1.2"
      }
    },
    "define-properties": {
      "version": "1.1.3",
      "resolved": "http://registry.npm.taobao.org/define-properties/download/define-properties-1.1.3.tgz",
      "integrity": "sha1-z4jabL7ib+bbcJT2HYcMvYTO6fE=",
      "requires": {
        "object-keys": "^1.0.12"
      }
    },
    "fs-extra": {
      "version": "8.0.0",
      "resolved": "https://registry.npm.taobao.org/fs-extra/download/fs-extra-8.0.0.tgz?cache=0&other_urls=https%3A%2F%2Fregistry.npm.taobao.org%2Ffs-extra%2Fdownload%2Ffs-extra-8.0.0.tgz",
      "integrity": "sha1-NmC+pmcZ46PEa/eksSSftljbPww=",
      "requires": {
        "graceful-fs": "^4.1.2",
        "jsonfile": "^4.0.0",
        "universalify": "^0.1.0"
      }
    },
    "graceful-fs": {
      "version": "4.1.15",
      "resolved": "http://registry.npm.taobao.org/graceful-fs/download/graceful-fs-4.1.15.tgz",
      "integrity": "sha1-/7cD4QZuig7qpMi4C6klPu77+wA="
    },
    "is-nan": {
      "version": "1.2.1",
      "resolved": "https://registry.npm.taobao.org/is-nan/download/is-nan-1.2.1.tgz",
      "integrity": "sha1-n69ltvttskt/XAYoR16nH5iEAeI=",
      "requires": {
        "define-properties": "^1.1.1"
      }
    },
    "jsonfile": {
      "version": "4.0.0",
      "resolved": "http://registry.npm.taobao.org/jsonfile/download/jsonfile-4.0.0.tgz",
      "integrity": "sha1-h3Gq4HmbZAdrdmQPygWPnBDjPss=",
      "requires": {
        "graceful-fs": "^4.1.6"
      }
    },
    "long-timeout": {
      "version": "0.1.1",
      "resolved": "https://registry.npm.taobao.org/long-timeout/download/long-timeout-0.1.1.tgz",
      "integrity": "sha1-lyHXiLR+C8taJMLivuGg2lXatRQ="
    },
    "moment": {
      "version": "2.24.0",
      "resolved": "http://registry.npm.taobao.org/moment/download/moment-2.24.0.tgz?cache=0&other_urls=http%3A%2F%2Fregistry.npm.taobao.org%2Fmoment%2Fdownload%2Fmoment-2.24.0.tgz",
      "integrity": "sha1-DQVdU/UFKqZTyfbraLtdEr9cK1s="
    },
    "moment-timezone": {
      "version": "0.5.25",
      "resolved": "https://registry.npm.taobao.org/moment-timezone/download/moment-timezone-0.5.25.tgz",
      "integrity": "sha1-oRv6L3TgiDJ/LNTAiz5731WVeBA=",
      "requires": {
        "moment": ">= 2.9.0"
      }
    },
    "ms": {
      "version": "2.1.2",
      "resolved": "https://registry.npmjs.org/ms/-/ms-2.1.2.tgz",
      "integrity": "sha512-sGkPx+VjMtmA6MX27oA4FBFELFCZZ4S4XqeGOXCv68tT+jb3vk/RyaKWP0PTKyWtmLSM0b+adUTEvbs1PEaH2w=="
    },
    "node-schedule": {
      "version": "1.3.2",
      "resolved": "https://registry.npm.taobao.org/node-schedule/download/node-schedule-1.3.2.tgz",
      "integrity": "sha1-13Szg+Km9q3lnuzGIlSuoHzXWMs=",
      "requires": {
        "cron-parser": "^2.7.3",
        "long-timeout": "0.1.1",
        "sorted-array-functions": "^1.0.0"
      }
    },
    "object-keys": {
      "version": "1.1.1",
      "resolved": "http://registry.npm.taobao.org/object-keys/download/object-keys-1.1.1.tgz",
      "integrity": "sha1-HEfyct8nfzsdrwYWd9nILiMixg4="
    },
    "simple-git": {
      "version": "3.3.0",
      "resolved": "https://registry.npmjs.org/simple-git/-/simple-git-3.3.0.tgz",
      "integrity": "sha512-K9qcbbZwPHhk7MLi0k0ekvSFXJIrRoXgHhqMXAFM75qS68vdHTcuzmul1ilKI02F/4lXshVgBoDll2t++JK0PQ==",
      "requires": {
        "@kwsites/file-exists": "^1.1.1",
        "@kwsites/promise-deferred": "^1.1.1",
        "debug": "^4.3.3"
      }
    },
    "sorted-array-functions": {
      "version": "1.2.0",
      "resolved": "https://registry.npm.taobao.org/sorted-array-functions/download/sorted-array-functions-1.2.0.tgz",
      "integrity": "sha1-QyZbIdbphbffMWIbHBHMaNjvx8M="
    },
    "universalify": {
      "version": "0.1.2",
      "resolved": "http://registry.npm.taobao.org/universalify/download/universalify-0.1.2.tgz",
      "integrity": "sha1-tkb2m+OULavOzJ1mOcgNwQXvqmY="
    }
  }
}
